
Microsoft Visual Studio Solution File, Format Version 12.00
# Visual Studio Version 17
VisualStudioVersion = 17.4.33110.190
MinimumVisualStudioVersion = 10.0.40219.1
Project("{FAE04EC0-301F-11D3-BF4B-00C04F79EFBC}") = "LaMiaPizzeriaModel", "LaMiaPizzeriaModel\LaMiaPizzeriaModel.csproj", "{2225610D-9ED6-4A6F-AC33-F052A255536B}"
EndProject
Global
	GlobalSection(SolutionConfigurationPlatforms) = preSolution
		Debug|Any CPU = Debug|Any CPU
		Release|Any CPU = Release|Any CPU
	EndGlobalSection
	GlobalSection(ProjectConfigurationPlatforms) = postSolution
		{2225610D-9ED6-4A6F-AC33-F052A255536B}.Debug|Any CPU.ActiveCfg = Debug|Any CPU
		{2225610D-9ED6-4A6F-AC33-F052A255536B}.Debug|Any CPU.Build.0 = Debug|Any CPU
		{2225610D-9ED6-4A6F-AC33-F052A255536B}.Release|Any CPU.ActiveCfg = Release|Any CPU
		{2225610D-9ED6-4A6F-AC33-F052A255536B}.Release|Any CPU.Build.0 = Release|Any CPU
	EndGlobalSection
	GlobalSection(SolutionProperties) = preSolution
		HideSolutionNode = FALSE
	EndGlobalSection
	GlobalSection(ExtensibilityGlobals) = postSolution
		SolutionGuid = {7E2969B0-DB0C-4518-90DF-A45B787DF2FA}
	EndGlobalSection
EndGlobal
